
Microsoft Visual Studio Solution File, Format Version 12.00
# Visual Studio 14
VisualStudioVersion = 14.0.25420.1
MinimumVisualStudioVersion = 10.0.40219.1
Project("{FAE04EC0-301F-11D3-BF4B-00C04F79EFBC}") = "FireOnWheelsStage1.Web", "FireOnWheelsStage1\FireOnWheelsStage1.Web.csproj", "{7A0A1D55-7C8C-4584-9DFA-9F58F0959D45}"
EndProject
Project("{FAE04EC0-301F-11D3-BF4B-00C04F79EFBC}") = "FireOnWheels.REST", "DispatchService\FireOnWheels.REST.csproj", "{0D1E3513-FF3C-47AD-A464-2FB3F800142C}"
EndProject
Project("{FAE04EC0-301F-11D3-BF4B-00C04F79EFBC}") = "FireOnWheels.Messages", "FireOnWheels.Messages\FireOnWheels.Messages.csproj", "{1362A2D3-9641-4BC9-A81A-65F4B595822F}"
EndProject
Project("{FAE04EC0-301F-11D3-BF4B-00C04F79EFBC}") = "FireOnWheels.Order", "FireOnWheels.Order\FireOnWheels.Order.csproj", "{A0C7B0C8-2565-4BFB-94DE-5F5B5D9D2624}"
EndProject
Global
	GlobalSection(SolutionConfigurationPlatforms) = preSolution
		Debug|Any CPU = Debug|Any CPU
		Release|Any CPU = Release|Any CPU
	EndGlobalSection
	GlobalSection(ProjectConfigurationPlatforms) = postSolution
		{7A0A1D55-7C8C-4584-9DFA-9F58F0959D45}.Debug|Any CPU.ActiveCfg = Debug|Any CPU
		{7A0A1D55-7C8C-4584-9DFA-9F58F0959D45}.Debug|Any CPU.Build.0 = Debug|Any CPU
		{7A0A1D55-7C8C-4584-9DFA-9F58F0959D45}.Release|Any CPU.ActiveCfg = Release|Any CPU
		{7A0A1D55-7C8C-4584-9DFA-9F58F0959D45}.Release|Any CPU.Build.0 = Release|Any CPU
		{0D1E3513-FF3C-47AD-A464-2FB3F800142C}.Debug|Any CPU.ActiveCfg = Debug|Any CPU
		{0D1E3513-FF3C-47AD-A464-2FB3F800142C}.Debug|Any CPU.Build.0 = Debug|Any CPU
		{0D1E3513-FF3C-47AD-A464-2FB3F800142C}.Release|Any CPU.ActiveCfg = Release|Any CPU
		{0D1E3513-FF3C-47AD-A464-2FB3F800142C}.Release|Any CPU.Build.0 = Release|Any CPU
		{1362A2D3-9641-4BC9-A81A-65F4B595822F}.Debug|Any CPU.ActiveCfg = Debug|Any CPU
		{1362A2D3-9641-4BC9-A81A-65F4B595822F}.Debug|Any CPU.Build.0 = Debug|Any CPU
		{1362A2D3-9641-4BC9-A81A-65F4B595822F}.Release|Any CPU.ActiveCfg = Release|Any CPU
		{1362A2D3-9641-4BC9-A81A-65F4B595822F}.Release|Any CPU.Build.0 = Release|Any CPU
		{A0C7B0C8-2565-4BFB-94DE-5F5B5D9D2624}.Debug|Any CPU.ActiveCfg = Debug|Any CPU
		{A0C7B0C8-2565-4BFB-94DE-5F5B5D9D2624}.Debug|Any CPU.Build.0 = Debug|Any CPU
		{A0C7B0C8-2565-4BFB-94DE-5F5B5D9D2624}.Release|Any CPU.ActiveCfg = Release|Any CPU
		{A0C7B0C8-2565-4BFB-94DE-5F5B5D9D2624}.Release|Any CPU.Build.0 = Release|Any CPU
	EndGlobalSection
	GlobalSection(SolutionProperties) = preSolution
		HideSolutionNode = FALSE
	EndGlobalSection
EndGlobal
